
Microsoft Visual Studio Solution File, Format Version 12.00
# Visual Studio Version 17
VisualStudioVersion = 17.3.32819.101
MinimumVisualStudioVersion = 10.0.40219.1
Project("{FAE04EC0-301F-11D3-BF4B-00C04F79EFBC}") = "wastecollectionsystem", "wastecollectionsystem\wastecollectionsystem.csproj", "{8D6E3BA3-8ED0-42A2-AF6B-E8B75083F547}"
EndProject
Global
	GlobalSection(SolutionConfigurationPlatforms) = preSolution
		Debug|Any CPU = Debug|Any CPU
		Release|Any CPU = Release|Any CPU
	EndGlobalSection
	GlobalSection(ProjectConfigurationPlatforms) = postSolution
		{8D6E3BA3-8ED0-42A2-AF6B-E8B75083F547}.Debug|Any CPU.ActiveCfg = Debug|Any CPU
		{8D6E3BA3-8ED0-42A2-AF6B-E8B75083F547}.Debug|Any CPU.Build.0 = Debug|Any CPU
		{8D6E3BA3-8ED0-42A2-AF6B-E8B75083F547}.Release|Any CPU.ActiveCfg = Release|Any CPU
		{8D6E3BA3-8ED0-42A2-AF6B-E8B75083F547}.Release|Any CPU.Build.0 = Release|Any CPU
	EndGlobalSection
	GlobalSection(SolutionProperties) = preSolution
		HideSolutionNode = FALSE
	EndGlobalSection
	GlobalSection(ExtensibilityGlobals) = postSolution
		SolutionGuid = {E2340CFB-D3B4-4D91-A6A5-C147C2FC0B53}
	EndGlobalSection
EndGlobal
